
Microsoft Visual Studio Solution File, Format Version 11.00
# Visual Studio 2010
Project("{FAE04EC0-301F-11D3-BF4B-00C04F79EFBC}") = "DotheG", "Assembly-CSharp.csproj", "{D25F08D6-24C3-8727-AEBE-C010A031BC8A}"
EndProject
Project("{FAE04EC0-301F-11D3-BF4B-00C04F79EFBC}") = "DotheG", "Assembly-CSharp-Editor.csproj", "{D6D32B42-029E-D6B4-DF19-258A8CBB9E69}"
EndProject
Global
	GlobalSection(SolutionConfigurationPlatforms) = preSolution
		Debug|Any CPU = Debug|Any CPU
		Release|Any CPU = Release|Any CPU
	EndGlobalSection
	GlobalSection(ProjectConfigurationPlatforms) = postSolution
		{D25F08D6-24C3-8727-AEBE-C010A031BC8A}.Debug|Any CPU.ActiveCfg = Debug|Any CPU
		{D25F08D6-24C3-8727-AEBE-C010A031BC8A}.Debug|Any CPU.Build.0 = Debug|Any CPU
		{D25F08D6-24C3-8727-AEBE-C010A031BC8A}.Release|Any CPU.ActiveCfg = Release|Any CPU
		{D25F08D6-24C3-8727-AEBE-C010A031BC8A}.Release|Any CPU.Build.0 = Release|Any CPU
		{D6D32B42-029E-D6B4-DF19-258A8CBB9E69}.Debug|Any CPU.ActiveCfg = Debug|Any CPU
		{D6D32B42-029E-D6B4-DF19-258A8CBB9E69}.Debug|Any CPU.Build.0 = Debug|Any CPU
		{D6D32B42-029E-D6B4-DF19-258A8CBB9E69}.Release|Any CPU.ActiveCfg = Release|Any CPU
		{D6D32B42-029E-D6B4-DF19-258A8CBB9E69}.Release|Any CPU.Build.0 = Release|Any CPU
	EndGlobalSection
	GlobalSection(SolutionProperties) = preSolution
		HideSolutionNode = FALSE
	EndGlobalSection
	GlobalSection(MonoDevelopProperties) = preSolution
		StartupItem = Assembly-CSharp.csproj
	EndGlobalSection
EndGlobal
